<?xml version="1.0" encoding="utf-8"?>
<Project ToolsVersion="4.0" xmlns="http://schemas.microsoft.com/developer/msbuild/2003">
  <ItemGroup>
    <Filter Include="ソース ファイル">
      <UniqueIdentifier>{4FC737F1-C7A5-4376-A066-2A32D752A2FF}</UniqueIdentifier>
      <Extensions>cpp;c;cc;cxx;c++;cppm;ixx;def;odl;idl;hpj;bat;asm;asmx</Extensions>
    </Filter>
    <Filter Include="ヘッダー ファイル">
      <UniqueIdentifier>{93995380-89BD-4b04-88EB-625FBE52EBFB}</UniqueIdentifier>
      <Extensions>h;hh;hpp;hxx;h++;hm;inl;inc;ipp;xsd</Extensions>
    </Filter>
    <Filter Include="ソース ファイル\Scene">
      <UniqueIdentifier>{06082cf4-2c23-4f01-883c-1e881cf69a84}</UniqueIdentifier>
    </Filter>
    <Filter Include="ヘッダー ファイル\Scene">
      <UniqueIdentifier>{df1c7e38-d8a8-4d2a-b722-29f080dd9b50}</UniqueIdentifier>
    </Filter>
    <Filter Include="ソース ファイル\General">
      <UniqueIdentifier>{a7f9dddd-a97e-4cd5-b4ee-026c730cd359}</UniqueIdentifier>
    </Filter>
    <Filter Include="ヘッダー ファイル\General">
      <UniqueIdentifier>{0267dabf-cdb9-4f6a-a2aa-d8955cac2454}</UniqueIdentifier>
    </Filter>
    <Filter Include="ソース ファイル\MyLib">
      <UniqueIdentifier>{dbc68201-194e-4ec9-912c-e8551072103c}</UniqueIdentifier>
    </Filter>
    <Filter Include="ヘッダー ファイル\MyLib">
      <UniqueIdentifier>{a7c5dee3-a162-4943-a2d3-ce3cf18fb5ae}</UniqueIdentifier>
    </Filter>
    <Filter Include="ソース ファイル\Animator">
      <UniqueIdentifier>{db3e7de8-ada1-43e1-b9ae-84b8ec17bfc1}</UniqueIdentifier>
    </Filter>
    <Filter Include="ヘッダー ファイル\Animator">
      <UniqueIdentifier>{a272665e-4e14-46bd-9c4f-6fcde3ca0ec1}</UniqueIdentifier>
    </Filter>
    <Filter Include="ソース ファイル\GameObject">
      <UniqueIdentifier>{e3a53ad0-10d6-499d-bd74-925dd0ebd5fe}</UniqueIdentifier>
    </Filter>
    <Filter Include="ソース ファイル\GameObject\Player">
      <UniqueIdentifier>{5167a5ad-bc7c-4309-8b60-7e455534d093}</UniqueIdentifier>
    </Filter>
    <Filter Include="ソース ファイル\GameObject\Enemy">
      <UniqueIdentifier>{d74f751f-47a5-4a28-a74b-6a0f1b938249}</UniqueIdentifier>
    </Filter>
    <Filter Include="ソース ファイル\GameObject\Stage">
      <UniqueIdentifier>{f32e20b9-d2dd-49a1-898a-c4e6b06549cb}</UniqueIdentifier>
    </Filter>
    <Filter Include="ヘッダー ファイル\GameObject">
      <UniqueIdentifier>{2f9f7f9b-8814-49d2-a84a-62d3e3fe0149}</UniqueIdentifier>
    </Filter>
    <Filter Include="ヘッダー ファイル\GameObject\Player">
      <UniqueIdentifier>{0c6c0c60-b6cb-41a1-8cd5-ed470d1bc5f2}</UniqueIdentifier>
    </Filter>
    <Filter Include="ヘッダー ファイル\GameObject\Enemy">
      <UniqueIdentifier>{738318ab-b392-427b-9151-52e519aaadda}</UniqueIdentifier>
    </Filter>
    <Filter Include="ヘッダー ファイル\GameObject\Stage">
      <UniqueIdentifier>{d025fa2c-db8c-40dd-b142-f14cde4c9ec4}</UniqueIdentifier>
    </Filter>
    <Filter Include="ソース ファイル\Main">
      <UniqueIdentifier>{0f3ff440-c232-47b0-aebf-35a59086a821}</UniqueIdentifier>
    </Filter>
    <Filter Include="ソース ファイル\GameObject\Camera">
      <UniqueIdentifier>{9fccd897-d5bd-45be-aaef-627b1e206adc}</UniqueIdentifier>
    </Filter>
    <Filter Include="ソース ファイル\GameObject\SkyDome">
      <UniqueIdentifier>{6a910dec-8bcb-4561-8906-c76bcf507b50}</UniqueIdentifier>
    </Filter>
    <Filter Include="ヘッダー ファイル\GameObject\Camera">
      <UniqueIdentifier>{c6cc57d8-c532-4b70-9e63-e76665ea8110}</UniqueIdentifier>
    </Filter>
    <Filter Include="ヘッダー ファイル\GameObject\SkyDome">
      <UniqueIdentifier>{9ebec955-94f6-49b2-a527-184595b6d2a2}</UniqueIdentifier>
    </Filter>
    <Filter Include="ソース ファイル\Effect">
      <UniqueIdentifier>{d85a799e-6b5d-4efc-a71c-53eb749d0650}</UniqueIdentifier>
    </Filter>
    <Filter Include="ヘッダー ファイル\Effect">
      <UniqueIdentifier>{114504e1-b439-4810-85f3-876d73abcf39}</UniqueIdentifier>
    </Filter>
    <Filter Include="ソース ファイル\UI">
      <UniqueIdentifier>{d387c441-7f17-4d9d-b7dc-ae8a7cdaa9df}</UniqueIdentifier>
    </Filter>
    <Filter Include="ヘッダー ファイル\UI">
      <UniqueIdentifier>{223cc11c-7680-4b08-94e5-97780fbb34c9}</UniqueIdentifier>
    </Filter>
    <Filter Include="ソース ファイル\GameObject\SubPlayer">
      <UniqueIdentifier>{b7d368b7-49af-4430-95b5-839297612547}</UniqueIdentifier>
    </Filter>
    <Filter Include="ヘッダー ファイル\GameObject\SubPlayer">
      <UniqueIdentifier>{b76ae1e0-958f-4d9f-a83d-8f5e06d8a399}</UniqueIdentifier>
    </Filter>
  </ItemGroup>
  <ItemGroup>
    <ClCompile Include="General\Application.cpp">
      <Filter>ソース ファイル\General</Filter>
    </ClCompile>
    <ClCompile Include="Scene\SceneBase.cpp">
      <Filter>ソース ファイル\Scene</Filter>
    </ClCompile>
    <ClCompile Include="Scene\SceneController.cpp">
      <Filter>ソース ファイル\Scene</Filter>
    </ClCompile>
    <ClCompile Include="Scene\GameScene.cpp">
      <Filter>ソース ファイル\Scene</Filter>
    </ClCompile>
    <ClCompile Include="Scene\TitleScene.cpp">
      <Filter>ソース ファイル\Scene</Filter>
    </ClCompile>
    <ClCompile Include="Scene\ResultScene.cpp">
      <Filter>ソース ファイル\Scene</Filter>
    </ClCompile>
    <ClCompile Include="MyLib\Input.cpp">
      <Filter>ソース ファイル\MyLib</Filter>
    </ClCompile>
    <ClCompile Include="GameObject\Enemy\EnemyMinion.cpp">
      <Filter>ソース ファイル\GameObject\Enemy</Filter>
    </ClCompile>
    <ClCompile Include="GameObject\Player\Player.cpp">
      <Filter>ソース ファイル\GameObject\Player</Filter>
    </ClCompile>
    <ClCompile Include="GameObject\Enemy\EnemyBase.cpp">
      <Filter>ソース ファイル\GameObject\Enemy</Filter>
    </ClCompile>
    <ClCompile Include="GameObject\Enemy\EnemyMage.cpp">
      <Filter>ソース ファイル\GameObject\Enemy</Filter>
    </ClCompile>
    <ClCompile Include="GameObject\Enemy\EnemyMageBullet.cpp">
      <Filter>ソース ファイル\GameObject\Enemy</Filter>
    </ClCompile>
    <ClCompile Include="MyLib\Physics.cpp">
      <Filter>ソース ファイル\MyLib</Filter>
    </ClCompile>
    <ClCompile Include="MyLib\Rigidbody.cpp">
      <Filter>ソース ファイル\MyLib</Filter>
    </ClCompile>
    <ClCompile Include="GameObject\Player\PlayerRightWeapon.cpp">
      <Filter>ソース ファイル\GameObject\Player</Filter>
    </ClCompile>
    <ClCompile Include="GameObject\Enemy\EnemyMinionBlade.cpp">
      <Filter>ソース ファイル\GameObject\Enemy</Filter>
    </ClCompile>
    <ClCompile Include="GameObject\GameObjectManager.cpp">
      <Filter>ソース ファイル\GameObject</Filter>
    </ClCompile>
    <ClCompile Include="GameObject\Player\PlayerLeftWeapon.cpp">
      <Filter>ソース ファイル\GameObject\Player</Filter>
    </ClCompile>
    <ClCompile Include="GameObject\Enemy\EnemyBoss.cpp">
      <Filter>ソース ファイル\GameObject\Enemy</Filter>
    </ClCompile>
    <ClCompile Include="GameObject\Enemy\EnemyBossRightAxe.cpp">
      <Filter>ソース ファイル\GameObject\Enemy</Filter>
    </ClCompile>
    <ClCompile Include="GameObject\Stage\StageObjectManager.cpp">
      <Filter>ソース ファイル\GameObject\Stage</Filter>
    </ClCompile>
    <ClCompile Include="GameObject\Stage\Mountain.cpp">
      <Filter>ソース ファイル\GameObject\Stage</Filter>
    </ClCompile>
    <ClCompile Include="GameObject\Stage\Floor.cpp">
      <Filter>ソース ファイル\GameObject\Stage</Filter>
    </ClCompile>
    <ClCompile Include="GameObject\Stage\StageObjectBase.cpp">
      <Filter>ソース ファイル\GameObject\Stage</Filter>
    </ClCompile>
    <ClCompile Include="GameObject\Enemy\EnemyBossLeftAxe.cpp">
      <Filter>ソース ファイル\GameObject\Enemy</Filter>
    </ClCompile>
    <ClCompile Include="MyLib\TransformDataLoader.cpp">
      <Filter>ソース ファイル\MyLib</Filter>
    </ClCompile>
    <ClCompile Include="Scene\ClearScene.cpp">
      <Filter>ソース ファイル\Scene</Filter>
    </ClCompile>
    <ClCompile Include="Animator\Animator.cpp">
      <Filter>ソース ファイル\Animator</Filter>
    </ClCompile>
    <ClCompile Include="Main\main.cpp">
      <Filter>ソース ファイル\Main</Filter>
    </ClCompile>
    <ClCompile Include="GameObject\SkyDome\SkyDome.cpp">
      <Filter>ソース ファイル\GameObject\SkyDome</Filter>
    </ClCompile>
    <ClCompile Include="GameObject\Camera\Camera.cpp">
      <Filter>ソース ファイル\GameObject\Camera</Filter>
    </ClCompile>
    <ClCompile Include="Effect\Effect.cpp">
      <Filter>ソース ファイル\Effect</Filter>
    </ClCompile>
    <ClCompile Include="Effect\EffectManager.cpp">
      <Filter>ソース ファイル\Effect</Filter>
    </ClCompile>
    <ClCompile Include="MyLib\Utility.cpp">
      <Filter>ソース ファイル\MyLib</Filter>
    </ClCompile>
    <ClCompile Include="GameObject\CharacterBase.cpp">
      <Filter>ソース ファイル\GameObject</Filter>
    </ClCompile>
    <ClCompile Include="UI\UIManager.cpp">
      <Filter>ソース ファイル\UI</Filter>
    </ClCompile>
    <ClCompile Include="MyLib\CapsuleColliderData.cpp">
      <Filter>ソース ファイル\MyLib</Filter>
    </ClCompile>
    <ClCompile Include="MyLib\Collidable.cpp">
      <Filter>ソース ファイル\MyLib</Filter>
    </ClCompile>
    <ClCompile Include="MyLib\PolygonColliderData.cpp">
      <Filter>ソース ファイル\MyLib</Filter>
    </ClCompile>
    <ClCompile Include="MyLib\SphereColliderData.cpp">
      <Filter>ソース ファイル\MyLib</Filter>
    </ClCompile>
    <ClCompile Include="MyLib\Quaternion.cpp">
      <Filter>ソース ファイル\MyLib</Filter>
    </ClCompile>
    <ClCompile Include="UI\HPGauge.cpp">
      <Filter>ソース ファイル\UI</Filter>
    </ClCompile>
    <ClCompile Include="UI\StaminaGauge.cpp">
      <Filter>ソース ファイル\UI</Filter>
    </ClCompile>
    <ClCompile Include="UI\SpecialGauge.cpp">
      <Filter>ソース ファイル\UI</Filter>
    </ClCompile>
    <ClCompile Include="GameObject\Player\PlayerBullet.cpp">
      <Filter>ソース ファイル\GameObject\Player</Filter>
    </ClCompile>
    <ClCompile Include="GameObject\StatusComponent.cpp">
      <Filter>ソース ファイル\GameObject</Filter>
    </ClCompile>
    <ClCompile Include="GameObject\SubPlayer\PlayerWeapon.cpp">
      <Filter>ソース ファイル\GameObject\SubPlayer</Filter>
    </ClCompile>
    <ClCompile Include="GameObject\SubPlayer\SubPlayer.cpp">
      <Filter>ソース ファイル\GameObject\SubPlayer</Filter>
    </ClCompile>
  </ItemGroup>
  <ItemGroup>
    <ClInclude Include="General\Application.h">
      <Filter>ヘッダー ファイル\General</Filter>
    </ClInclude>
    <ClInclude Include="Scene\SceneBase.h">
      <Filter>ヘッダー ファイル\Scene</Filter>
    </ClInclude>
    <ClInclude Include="Scene\SceneController.h">
      <Filter>ヘッダー ファイル\Scene</Filter>
    </ClInclude>
    <ClInclude Include="Scene\GameScene.h">
      <Filter>ヘッダー ファイル\Scene</Filter>
    </ClInclude>
    <ClInclude Include="Scene\TitleScene.h">
      <Filter>ヘッダー ファイル\Scene</Filter>
    </ClInclude>
    <ClInclude Include="Scene\ResultScene.h">
      <Filter>ヘッダー ファイル\Scene</Filter>
    </ClInclude>
    <ClInclude Include="MyLib\Input.h">
      <Filter>ヘッダー ファイル\MyLib</Filter>
    </ClInclude>
    <ClInclude Include="GameObject\Enemy\EnemyMinion.h">
      <Filter>ヘッダー ファイル\GameObject\Enemy</Filter>
    </ClInclude>
    <ClInclude Include="GameObject\Player\Player.h">
      <Filter>ヘッダー ファイル\GameObject\Player</Filter>
    </ClInclude>
    <ClInclude Include="GameObject\Enemy\EnemyBase.h">
      <Filter>ヘッダー ファイル\GameObject\Enemy</Filter>
    </ClInclude>
    <ClInclude Include="GameObject\Enemy\EnemyMage.h">
      <Filter>ヘッダー ファイル\GameObject\Enemy</Filter>
    </ClInclude>
    <ClInclude Include="GameObject\Enemy\EnemyMageBullet.h">
      <Filter>ヘッダー ファイル\GameObject\Enemy</Filter>
    </ClInclude>
    <ClInclude Include="MyLib\Physics.h">
      <Filter>ヘッダー ファイル\MyLib</Filter>
    </ClInclude>
    <ClInclude Include="MyLib\Rigidbody.h">
      <Filter>ヘッダー ファイル\MyLib</Filter>
    </ClInclude>
    <ClInclude Include="GameObject\Player\PlayerRightWeapon.h">
      <Filter>ヘッダー ファイル\GameObject\Player</Filter>
    </ClInclude>
    <ClInclude Include="GameObject\Enemy\EnemyMinionBlade.h">
      <Filter>ヘッダー ファイル\GameObject\Enemy</Filter>
    </ClInclude>
    <ClInclude Include="GameObject\GameObjectManager.h">
      <Filter>ヘッダー ファイル\GameObject</Filter>
    </ClInclude>
    <ClInclude Include="GameObject\Player\PlayerLeftWeapon.h">
      <Filter>ヘッダー ファイル\GameObject\Player</Filter>
    </ClInclude>
    <ClInclude Include="GameObject\Enemy\EnemyBoss.h">
      <Filter>ヘッダー ファイル\GameObject\Enemy</Filter>
    </ClInclude>
    <ClInclude Include="GameObject\Enemy\EnemyBossRightAxe.h">
      <Filter>ヘッダー ファイル\GameObject\Enemy</Filter>
    </ClInclude>
    <ClInclude Include="GameObject\Stage\StageObjectManager.h">
      <Filter>ヘッダー ファイル\GameObject\Stage</Filter>
    </ClInclude>
    <ClInclude Include="GameObject\Stage\Mountain.h">
      <Filter>ヘッダー ファイル\GameObject\Stage</Filter>
    </ClInclude>
    <ClInclude Include="GameObject\Stage\Floor.h">
      <Filter>ヘッダー ファイル\GameObject\Stage</Filter>
    </ClInclude>
    <ClInclude Include="GameObject\Stage\StageObjectBase.h">
      <Filter>ヘッダー ファイル\GameObject\Stage</Filter>
    </ClInclude>
    <ClInclude Include="GameObject\Enemy\EnemyBossLeftAxe.h">
      <Filter>ヘッダー ファイル\GameObject\Enemy</Filter>
    </ClInclude>
    <ClInclude Include="MyLib\TransformDataLoader.h">
      <Filter>ヘッダー ファイル\MyLib</Filter>
    </ClInclude>
    <ClInclude Include="Scene\ClearScene.h">
      <Filter>ヘッダー ファイル\Scene</Filter>
    </ClInclude>
    <ClInclude Include="Animator\Animator.h">
      <Filter>ヘッダー ファイル\Animator</Filter>
    </ClInclude>
    <ClInclude Include="General\game.h">
      <Filter>ヘッダー ファイル\General</Filter>
    </ClInclude>
    <ClInclude Include="GameObject\SkyDome\SkyDome.h">
      <Filter>ヘッダー ファイル\GameObject\SkyDome</Filter>
    </ClInclude>
    <ClInclude Include="GameObject\Camera\Camera.h">
      <Filter>ヘッダー ファイル\GameObject\Camera</Filter>
    </ClInclude>
    <ClInclude Include="Effect\Effect.h">
      <Filter>ヘッダー ファイル\Effect</Filter>
    </ClInclude>
    <ClInclude Include="Effect\EffectManager.h">
      <Filter>ヘッダー ファイル\Effect</Filter>
    </ClInclude>
    <ClInclude Include="MyLib\Utility.h">
      <Filter>ヘッダー ファイル\MyLib</Filter>
    </ClInclude>
    <ClInclude Include="GameObject\CharacterBase.h">
      <Filter>ヘッダー ファイル\GameObject</Filter>
    </ClInclude>
    <ClInclude Include="UI\UIManager.h">
      <Filter>ヘッダー ファイル\UI</Filter>
    </ClInclude>
    <ClInclude Include="MyLib\Quaternion.h">
      <Filter>ヘッダー ファイル\MyLib</Filter>
    </ClInclude>
    <ClInclude Include="MyLib\Vector3.h">
      <Filter>ヘッダー ファイル\MyLib</Filter>
    </ClInclude>
    <ClInclude Include="MyLib\SphereColliderData.h">
      <Filter>ヘッダー ファイル\MyLib</Filter>
    </ClInclude>
    <ClInclude Include="MyLib\Collidable.h">
      <Filter>ヘッダー ファイル\MyLib</Filter>
    </ClInclude>
    <ClInclude Include="MyLib\ColliderData.h">
      <Filter>ヘッダー ファイル\MyLib</Filter>
    </ClInclude>
    <ClInclude Include="MyLib\ObjectPriority.h">
      <Filter>ヘッダー ファイル\MyLib</Filter>
    </ClInclude>
    <ClInclude Include="MyLib\ObjectTag.h">
      <Filter>ヘッダー ファイル\MyLib</Filter>
    </ClInclude>
    <ClInclude Include="MyLib\PolygonColliderData.h">
      <Filter>ヘッダー ファイル\MyLib</Filter>
    </ClInclude>
    <ClInclude Include="MyLib\CapsuleColliderData.h">
      <Filter>ヘッダー ファイル\MyLib</Filter>
    </ClInclude>
    <ClInclude Include="UI\HPGauge.h">
      <Filter>ヘッダー ファイル\UI</Filter>
    </ClInclude>
    <ClInclude Include="UI\StaminaGauge.h">
      <Filter>ヘッダー ファイル\UI</Filter>
    </ClInclude>
    <ClInclude Include="UI\SpecialGauge.h">
      <Filter>ヘッダー ファイル\UI</Filter>
    </ClInclude>
    <ClInclude Include="GameObject\Player\PlayerBullet.h">
      <Filter>ヘッダー ファイル\GameObject\Player</Filter>
    </ClInclude>
    <ClInclude Include="GameObject\StatusComponent.h">
      <Filter>ヘッダー ファイル\GameObject</Filter>
    </ClInclude>
    <ClInclude Include="GameObject\SubPlayer\PlayerAtkColTiming.h">
      <Filter>ヘッダー ファイル\GameObject\SubPlayer</Filter>
    </ClInclude>
    <ClInclude Include="GameObject\SubPlayer\PlayerWeapon.h">
      <Filter>ヘッダー ファイル\GameObject\SubPlayer</Filter>
    </ClInclude>
    <ClInclude Include="GameObject\SubPlayer\SubPlayer.h">
      <Filter>ヘッダー ファイル\GameObject\SubPlayer</Filter>
    </ClInclude>
  </ItemGroup>
</Project>